// !$*UTF8*$!
{
	archiveVersion = 1;
	classes = {
	};
	objectVersion = 46;
	objects = {

/* Begin PBXBuildFile section */
		1339095D126DA6996212BA91 /* Pods_CWWeibo.framework in Frameworks */ = {isa = PBXBuildFile; fileRef = ACD7DE1266880AFA2568E511 /* Pods_CWWeibo.framework */; };
		B94135801F10C7B6002BCCC9 /* WBPublishViewController.swift in Sources */ = {isa = PBXBuildFile; fileRef = B941357E1F10C7B6002BCCC9 /* WBPublishViewController.swift */; };
		B94135811F10C7B6002BCCC9 /* WBPublishViewController.xib in Resources */ = {isa = PBXBuildFile; fileRef = B941357F1F10C7B6002BCCC9 /* WBPublishViewController.xib */; };
		B94135831F10C962002BCCC9 /* WBPublishTitleView.swift in Sources */ = {isa = PBXBuildFile; fileRef = B94135821F10C962002BCCC9 /* WBPublishTitleView.swift */; };
		B94135851F10CEE0002BCCC9 /* WBPublishTextView.swift in Sources */ = {isa = PBXBuildFile; fileRef = B94135841F10CEE0002BCCC9 /* WBPublishTextView.swift */; };
		B94135881F1100C4002BCCC9 /* WBPicturePickerCollectionView.swift in Sources */ = {isa = PBXBuildFile; fileRef = B94135871F1100C4002BCCC9 /* WBPicturePickerCollectionView.swift */; };
		B941358B1F110437002BCCC9 /* WBPicturePickerViewCell.swift in Sources */ = {isa = PBXBuildFile; fileRef = B94135891F110437002BCCC9 /* WBPicturePickerViewCell.swift */; };
		B941358C1F110437002BCCC9 /* WBPicturePickerViewCell.xib in Resources */ = {isa = PBXBuildFile; fileRef = B941358A1F110437002BCCC9 /* WBPicturePickerViewCell.xib */; };
		B98067531F125E6C00D1D2BB /* HYLabel.swift in Sources */ = {isa = PBXBuildFile; fileRef = B98067521F125E6C00D1D2BB /* HYLabel.swift */; };
		B98067561F12644A00D1D2BB /* WBPhotoBrowserViewController.swift in Sources */ = {isa = PBXBuildFile; fileRef = B98067551F12644A00D1D2BB /* WBPhotoBrowserViewController.swift */; };
		B98067581F126AF100D1D2BB /* WBPhotoBrowserCollectionViewCell.swift in Sources */ = {isa = PBXBuildFile; fileRef = B98067571F126AF100D1D2BB /* WBPhotoBrowserCollectionViewCell.swift */; };
		B9A5E42E1F0CCB4900DB9401 /* WBBaseTableViewController.swift in Sources */ = {isa = PBXBuildFile; fileRef = B9A5E42D1F0CCB4900DB9401 /* WBBaseTableViewController.swift */; };
		B9A5E4301F0CCC9100DB9401 /* WBVisitorView.swift in Sources */ = {isa = PBXBuildFile; fileRef = B9A5E42F1F0CCC9100DB9401 /* WBVisitorView.swift */; };
		B9A5E4321F0CCC9D00DB9401 /* WBVisitorView.xib in Resources */ = {isa = PBXBuildFile; fileRef = B9A5E4311F0CCC9D00DB9401 /* WBVisitorView.xib */; };
		B9A5E43C1F0CF2B200DB9401 /* WBPopoverViewController.swift in Sources */ = {isa = PBXBuildFile; fileRef = B9A5E43A1F0CF2B200DB9401 /* WBPopoverViewController.swift */; };
		B9A5E43D1F0CF2B200DB9401 /* WBPopoverViewController.xib in Resources */ = {isa = PBXBuildFile; fileRef = B9A5E43B1F0CF2B200DB9401 /* WBPopoverViewController.xib */; };
		B9A5E43F1F0D135F00DB9401 /* WBPresentationController.swift in Sources */ = {isa = PBXBuildFile; fileRef = B9A5E43E1F0D135F00DB9401 /* WBPresentationController.swift */; };
		B9A5E4411F0D236300DB9401 /* WBPopoverAnimator.swift in Sources */ = {isa = PBXBuildFile; fileRef = B9A5E4401F0D236300DB9401 /* WBPopoverAnimator.swift */; };
		B9C5C33F1F0BDD1500878125 /* AppDelegate.swift in Sources */ = {isa = PBXBuildFile; fileRef = B9C5C33E1F0BDD1500878125 /* AppDelegate.swift */; };
		B9C5C3461F0BDD1500878125 /* Assets.xcassets in Resources */ = {isa = PBXBuildFile; fileRef = B9C5C3451F0BDD1500878125 /* Assets.xcassets */; };
		B9C5C3491F0BDD1500878125 /* LaunchScreen.storyboard in Resources */ = {isa = PBXBuildFile; fileRef = B9C5C3471F0BDD1500878125 /* LaunchScreen.storyboard */; };
		B9C5C3561F0C9B7C00878125 /* MainVCSettings.json in Resources */ = {isa = PBXBuildFile; fileRef = B9C5C3551F0C9B7C00878125 /* MainVCSettings.json */; };
		B9C5C36B1F0CAD7D00878125 /* WBMainViewController.swift in Sources */ = {isa = PBXBuildFile; fileRef = B9C5C3681F0CAD7D00878125 /* WBMainViewController.swift */; };
		B9C5C3721F0CB01200878125 /* Publish.storyboard in Resources */ = {isa = PBXBuildFile; fileRef = B9C5C3701F0CB01200878125 /* Publish.storyboard */; };
		B9C5C3751F0CB22800878125 /* WBHomeTableViewController.swift in Sources */ = {isa = PBXBuildFile; fileRef = B9C5C3741F0CB22800878125 /* WBHomeTableViewController.swift */; };
		B9C5C3771F0CB23B00878125 /* WBMessageTableViewController.swift in Sources */ = {isa = PBXBuildFile; fileRef = B9C5C3761F0CB23B00878125 /* WBMessageTableViewController.swift */; };
		B9C5C3791F0CB24300878125 /* WBDiscoverTableViewController.swift in Sources */ = {isa = PBXBuildFile; fileRef = B9C5C3781F0CB24300878125 /* WBDiscoverTableViewController.swift */; };
		B9C5C37B1F0CB24C00878125 /* WBProfileTableViewController.swift in Sources */ = {isa = PBXBuildFile; fileRef = B9C5C37A1F0CB24C00878125 /* WBProfileTableViewController.swift */; };
		B9C5C37D1F0CB2EE00878125 /* Main.storyboard in Resources */ = {isa = PBXBuildFile; fileRef = B9C5C37C1F0CB2EE00878125 /* Main.storyboard */; };
		B9C5C37F1F0CB2FA00878125 /* Home.storyboard in Resources */ = {isa = PBXBuildFile; fileRef = B9C5C37E1F0CB2FA00878125 /* Home.storyboard */; };
		B9C5C3811F0CB30200878125 /* Message.storyboard in Resources */ = {isa = PBXBuildFile; fileRef = B9C5C3801F0CB30200878125 /* Message.storyboard */; };
		B9C5C3831F0CB31100878125 /* Discover.storyboard in Resources */ = {isa = PBXBuildFile; fileRef = B9C5C3821F0CB31100878125 /* Discover.storyboard */; };
		B9C5C3851F0CB31800878125 /* Profile.storyboard in Resources */ = {isa = PBXBuildFile; fileRef = B9C5C3841F0CB31800878125 /* Profile.storyboard */; };
		B9CB80011F124D8E0028E7D1 /* Date-Extension.swift in Sources */ = {isa = PBXBuildFile; fileRef = B9CB7FEB1F124D8E0028E7D1 /* Date-Extension.swift */; };
		B9CB80021F124D8E0028E7D1 /* UIBarButtonItem-Extension.swift in Sources */ = {isa = PBXBuildFile; fileRef = B9CB7FEC1F124D8E0028E7D1 /* UIBarButtonItem-Extension.swift */; };
		B9CB80031F124D8E0028E7D1 /* UIButton-Extension.swift in Sources */ = {isa = PBXBuildFile; fileRef = B9CB7FED1F124D8E0028E7D1 /* UIButton-Extension.swift */; };
		B9CB80041F124D8E0028E7D1 /* UIImageView-Extension.swift in Sources */ = {isa = PBXBuildFile; fileRef = B9CB7FEE1F124D8E0028E7D1 /* UIImageView-Extension.swift */; };
		B9CB80051F124D8E0028E7D1 /* CWConst.swift in Sources */ = {isa = PBXBuildFile; fileRef = B9CB7FEF1F124D8E0028E7D1 /* CWConst.swift */; };
		B9CB80061F124D8E0028E7D1 /* EmoticonAttachment.swift in Sources */ = {isa = PBXBuildFile; fileRef = B9CB7FF51F124D8E0028E7D1 /* EmoticonAttachment.swift */; };
		B9CB80071F124D8E0028E7D1 /* EmoticonCell.swift in Sources */ = {isa = PBXBuildFile; fileRef = B9CB7FF61F124D8E0028E7D1 /* EmoticonCell.swift */; };
		B9CB80081F124D8E0028E7D1 /* EmoticonKeyboardController.swift in Sources */ = {isa = PBXBuildFile; fileRef = B9CB7FF71F124D8E0028E7D1 /* EmoticonKeyboardController.swift */; };
		B9CB80091F124D8E0028E7D1 /* Emoticon.swift in Sources */ = {isa = PBXBuildFile; fileRef = B9CB7FF91F124D8E0028E7D1 /* Emoticon.swift */; };
		B9CB800A1F124D8E0028E7D1 /* EmoticonManager.swift in Sources */ = {isa = PBXBuildFile; fileRef = B9CB7FFA1F124D8E0028E7D1 /* EmoticonManager.swift */; };
		B9CB800B1F124D8E0028E7D1 /* EmoticonPackage.swift in Sources */ = {isa = PBXBuildFile; fileRef = B9CB7FFB1F124D8E0028E7D1 /* EmoticonPackage.swift */; };
		B9CB800C1F124D8E0028E7D1 /* UITextView-Extension.swift in Sources */ = {isa = PBXBuildFile; fileRef = B9CB7FFC1F124D8E0028E7D1 /* UITextView-Extension.swift */; };
		B9CB800D1F124D8E0028E7D1 /* Emoticons.bundle in Resources */ = {isa = PBXBuildFile; fileRef = B9CB7FFD1F124D8E0028E7D1 /* Emoticons.bundle */; };
		B9CB800E1F124D8E0028E7D1 /* CWNetworkTool.swift in Sources */ = {isa = PBXBuildFile; fileRef = B9CB7FFF1F124D8E0028E7D1 /* CWNetworkTool.swift */; };
		B9CB800F1F124D8E0028E7D1 /* WBNavigationTitleButton.swift in Sources */ = {isa = PBXBuildFile; fileRef = B9CB80001F124D8E0028E7D1 /* WBNavigationTitleButton.swift */; };
		B9CB80111F124DC30028E7D1 /* CWStringReplacer.swift in Sources */ = {isa = PBXBuildFile; fileRef = B9CB80101F124DC30028E7D1 /* CWStringReplacer.swift */; };
		B9DADF4B1F1278E0002D509F /* WBProgressView.swift in Sources */ = {isa = PBXBuildFile; fileRef = B9DADF4A1F1278E0002D509F /* WBProgressView.swift */; };
		B9DFAA321F1346E400D7DDC6 /* WBPhotoBrowserAnimator.swift in Sources */ = {isa = PBXBuildFile; fileRef = B9DFAA311F1346E400D7DDC6 /* WBPhotoBrowserAnimator.swift */; };
		B9F945A61F0E03A0001370FE /* WBAuthorizeViewController.swift in Sources */ = {isa = PBXBuildFile; fileRef = B9F945A41F0E03A0001370FE /* WBAuthorizeViewController.swift */; };
		B9F945A71F0E03A0001370FE /* WBAuthorizeViewController.xib in Resources */ = {isa = PBXBuildFile; fileRef = B9F945A51F0E03A0001370FE /* WBAuthorizeViewController.xib */; };
		B9F945AB1F0E15DC001370FE /* WBUserAccount.swift in Sources */ = {isa = PBXBuildFile; fileRef = B9F945AA1F0E15DC001370FE /* WBUserAccount.swift */; };
		B9F945AD1F0E4462001370FE /* WBUserAccountViewModel.swift in Sources */ = {isa = PBXBuildFile; fileRef = B9F945AC1F0E4462001370FE /* WBUserAccountViewModel.swift */; };
		B9F945B11F0E4ADB001370FE /* WBWelcomeViewController.swift in Sources */ = {isa = PBXBuildFile; fileRef = B9F945AF1F0E4ADB001370FE /* WBWelcomeViewController.swift */; };
		B9F945B21F0E4ADB001370FE /* WBWelcomeViewController.xib in Resources */ = {isa = PBXBuildFile; fileRef = B9F945B01F0E4ADB001370FE /* WBWelcomeViewController.xib */; };
		B9F945B51F0E78CF001370FE /* WBStatusItem.swift in Sources */ = {isa = PBXBuildFile; fileRef = B9F945B41F0E78CF001370FE /* WBStatusItem.swift */; };
		B9F945B91F0E7D86001370FE /* WBStatusTableViewCell.swift in Sources */ = {isa = PBXBuildFile; fileRef = B9F945B71F0E7D86001370FE /* WBStatusTableViewCell.swift */; };
		B9F945BA1F0E7D86001370FE /* WBStatusTableViewCell.xib in Resources */ = {isa = PBXBuildFile; fileRef = B9F945B81F0E7D86001370FE /* WBStatusTableViewCell.xib */; };
		B9F945C01F0F45AC001370FE /* WBUserItem.swift in Sources */ = {isa = PBXBuildFile; fileRef = B9F945BF1F0F45AC001370FE /* WBUserItem.swift */; };
		B9F945C21F0F50E3001370FE /* WBStatusViewModel.swift in Sources */ = {isa = PBXBuildFile; fileRef = B9F945C11F0F50E3001370FE /* WBStatusViewModel.swift */; };
		B9F945C61F0F889B001370FE /* WBStatusPictureCollectionView.swift in Sources */ = {isa = PBXBuildFile; fileRef = B9F945C51F0F889B001370FE /* WBStatusPictureCollectionView.swift */; };
		B9F945C91F0FC813001370FE /* WBPictureCollectionViewCell.swift in Sources */ = {isa = PBXBuildFile; fileRef = B9F945C71F0FC813001370FE /* WBPictureCollectionViewCell.swift */; };
		B9F945CA1F0FC813001370FE /* WBPictureCollectionViewCell.xib in Resources */ = {isa = PBXBuildFile; fileRef = B9F945C81F0FC813001370FE /* WBPictureCollectionViewCell.xib */; };
/* End PBXBuildFile section */

/* Begin PBXFileReference section */
		0CE5DB0672B1F3D7C50B15F5 /* Pods-CWWeibo.debug.xcconfig */ = {isa = PBXFileReference; includeInIndex = 1; lastKnownFileType = text.xcconfig; name = "Pods-CWWeibo.debug.xcconfig"; path = "Pods/Target Support Files/Pods-CWWeibo/Pods-CWWeibo.debug.xcconfig"; sourceTree = "<group>"; };
		ACD7DE1266880AFA2568E511 /* Pods_CWWeibo.framework */ = {isa = PBXFileReference; explicitFileType = wrapper.framework; includeInIndex = 0; path = Pods_CWWeibo.framework; sourceTree = BUILT_PRODUCTS_DIR; };
		B941357E1F10C7B6002BCCC9 /* WBPublishViewController.swift */ = {isa = PBXFileReference; fileEncoding = 4; lastKnownFileType = sourcecode.swift; path = WBPublishViewController.swift; sourceTree = "<group>"; };
		B941357F1F10C7B6002BCCC9 /* WBPublishViewController.xib */ = {isa = PBXFileReference; fileEncoding = 4; lastKnownFileType = file.xib; path = WBPublishViewController.xib; sourceTree = "<group>"; };
		B94135821F10C962002BCCC9 /* WBPublishTitleView.swift */ = {isa = PBXFileReference; fileEncoding = 4; lastKnownFileType = sourcecode.swift; path = WBPublishTitleView.swift; sourceTree = "<group>"; };
		B94135841F10CEE0002BCCC9 /* WBPublishTextView.swift */ = {isa = PBXFileReference; fileEncoding = 4; lastKnownFileType = sourcecode.swift; path = WBPublishTextView.swift; sourceTree = "<group>"; };
		B94135871F1100C4002BCCC9 /* WBPicturePickerCollectionView.swift */ = {isa = PBXFileReference; fileEncoding = 4; lastKnownFileType = sourcecode.swift; path = WBPicturePickerCollectionView.swift; sourceTree = "<group>"; };
		B94135891F110437002BCCC9 /* WBPicturePickerViewCell.swift */ = {isa = PBXFileReference; fileEncoding = 4; lastKnownFileType = sourcecode.swift; path = WBPicturePickerViewCell.swift; sourceTree = "<group>"; };
		B941358A1F110437002BCCC9 /* WBPicturePickerViewCell.xib */ = {isa = PBXFileReference; fileEncoding = 4; lastKnownFileType = file.xib; path = WBPicturePickerViewCell.xib; sourceTree = "<group>"; };
		B98067521F125E6C00D1D2BB /* HYLabel.swift */ = {isa = PBXFileReference; fileEncoding = 4; lastKnownFileType = sourcecode.swift; path = HYLabel.swift; sourceTree = "<group>"; };
		B98067551F12644A00D1D2BB /* WBPhotoBrowserViewController.swift */ = {isa = PBXFileReference; fileEncoding = 4; lastKnownFileType = sourcecode.swift; path = WBPhotoBrowserViewController.swift; sourceTree = "<group>"; };
		B98067571F126AF100D1D2BB /* WBPhotoBrowserCollectionViewCell.swift */ = {isa = PBXFileReference; fileEncoding = 4; lastKnownFileType = sourcecode.swift; path = WBPhotoBrowserCollectionViewCell.swift; sourceTree = "<group>"; };
		B9A5E42D1F0CCB4900DB9401 /* WBBaseTableViewController.swift */ = {isa = PBXFileReference; fileEncoding = 4; lastKnownFileType = sourcecode.swift; path = WBBaseTableViewController.swift; sourceTree = "<group>"; };
		B9A5E42F1F0CCC9100DB9401 /* WBVisitorView.swift */ = {isa = PBXFileReference; fileEncoding = 4; lastKnownFileType = sourcecode.swift; path = WBVisitorView.swift; sourceTree = "<group>"; };
		B9A5E4311F0CCC9D00DB9401 /* WBVisitorView.xib */ = {isa = PBXFileReference; fileEncoding = 4; lastKnownFileType = file.xib; path = WBVisitorView.xib; sourceTree = "<group>"; };
		B9A5E43A1F0CF2B200DB9401 /* WBPopoverViewController.swift */ = {isa = PBXFileReference; fileEncoding = 4; lastKnownFileType = sourcecode.swift; path = WBPopoverViewController.swift; sourceTree = "<group>"; };
		B9A5E43B1F0CF2B200DB9401 /* WBPopoverViewController.xib */ = {isa = PBXFileReference; fileEncoding = 4; lastKnownFileType = file.xib; path = WBPopoverViewController.xib; sourceTree = "<group>"; };
		B9A5E43E1F0D135F00DB9401 /* WBPresentationController.swift */ = {isa = PBXFileReference; fileEncoding = 4; lastKnownFileType = sourcecode.swift; path = WBPresentationController.swift; sourceTree = "<group>"; };
		B9A5E4401F0D236300DB9401 /* WBPopoverAnimator.swift */ = {isa = PBXFileReference; fileEncoding = 4; lastKnownFileType = sourcecode.swift; path = WBPopoverAnimator.swift; sourceTree = "<group>"; };
		B9C5C33B1F0BDD1500878125 /* CWWeibo.app */ = {isa = PBXFileReference; explicitFileType = wrapper.application; includeInIndex = 0; path = CWWeibo.app; sourceTree = BUILT_PRODUCTS_DIR; };
		B9C5C33E1F0BDD1500878125 /* AppDelegate.swift */ = {isa = PBXFileReference; lastKnownFileType = sourcecode.swift; path = AppDelegate.swift; sourceTree = "<group>"; };
		B9C5C3451F0BDD1500878125 /* Assets.xcassets */ = {isa = PBXFileReference; lastKnownFileType = folder.assetcatalog; path = Assets.xcassets; sourceTree = "<group>"; };
		B9C5C3481F0BDD1500878125 /* Base */ = {isa = PBXFileReference; lastKnownFileType = file.storyboard; name = Base; path = Base.lproj/LaunchScreen.storyboard; sourceTree = "<group>"; };
		B9C5C34A1F0BDD1500878125 /* Info.plist */ = {isa = PBXFileReference; lastKnownFileType = text.plist.xml; path = Info.plist; sourceTree = "<group>"; };
		B9C5C3551F0C9B7C00878125 /* MainVCSettings.json */ = {isa = PBXFileReference; fileEncoding = 4; lastKnownFileType = text.json; path = MainVCSettings.json; sourceTree = "<group>"; };
		B9C5C3681F0CAD7D00878125 /* WBMainViewController.swift */ = {isa = PBXFileReference; fileEncoding = 4; lastKnownFileType = sourcecode.swift; path = WBMainViewController.swift; sourceTree = "<group>"; };
		B9C5C3701F0CB01200878125 /* Publish.storyboard */ = {isa = PBXFileReference; fileEncoding = 4; lastKnownFileType = file.storyboard; path = Publish.storyboard; sourceTree = "<group>"; };
		B9C5C3741F0CB22800878125 /* WBHomeTableViewController.swift */ = {isa = PBXFileReference; fileEncoding = 4; lastKnownFileType = sourcecode.swift; path = WBHomeTableViewController.swift; sourceTree = "<group>"; };
		B9C5C3761F0CB23B00878125 /* WBMessageTableViewController.swift */ = {isa = PBXFileReference; fileEncoding = 4; lastKnownFileType = sourcecode.swift; path = WBMessageTableViewController.swift; sourceTree = "<group>"; };
		B9C5C3781F0CB24300878125 /* WBDiscoverTableViewController.swift */ = {isa = PBXFileReference; fileEncoding = 4; lastKnownFileType = sourcecode.swift; path = WBDiscoverTableViewController.swift; sourceTree = "<group>"; };
		B9C5C37A1F0CB24C00878125 /* WBProfileTableViewController.swift */ = {isa = PBXFileReference; fileEncoding = 4; lastKnownFileType = sourcecode.swift; path = WBProfileTableViewController.swift; sourceTree = "<group>"; };
		B9C5C37C1F0CB2EE00878125 /* Main.storyboard */ = {isa = PBXFileReference; fileEncoding = 4; lastKnownFileType = file.storyboard; path = Main.storyboard; sourceTree = "<group>"; };
		B9C5C37E1F0CB2FA00878125 /* Home.storyboard */ = {isa = PBXFileReference; fileEncoding = 4; lastKnownFileType = file.storyboard; path = Home.storyboard; sourceTree = "<group>"; };
		B9C5C3801F0CB30200878125 /* Message.storyboard */ = {isa = PBXFileReference; fileEncoding = 4; lastKnownFileType = file.storyboard; path = Message.storyboard; sourceTree = "<group>"; };
		B9C5C3821F0CB31100878125 /* Discover.storyboard */ = {isa = PBXFileReference; fileEncoding = 4; lastKnownFileType = file.storyboard; path = Discover.storyboard; sourceTree = "<group>"; };
		B9C5C3841F0CB31800878125 /* Profile.storyboard */ = {isa = PBXFileReference; fileEncoding = 4; lastKnownFileType = file.storyboard; path = Profile.storyboard; sourceTree = "<group>"; };
		B9CB7FEB1F124D8E0028E7D1 /* Date-Extension.swift */ = {isa = PBXFileReference; fileEncoding = 4; lastKnownFileType = sourcecode.swift; path = "Date-Extension.swift"; sourceTree = "<group>"; };
		B9CB7FEC1F124D8E0028E7D1 /* UIBarButtonItem-Extension.swift */ = {isa = PBXFileReference; fileEncoding = 4; lastKnownFileType = sourcecode.swift; path = "UIBarButtonItem-Extension.swift"; sourceTree = "<group>"; };
		B9CB7FED1F124D8E0028E7D1 /* UIButton-Extension.swift */ = {isa = PBXFileReference; fileEncoding = 4; lastKnownFileType = sourcecode.swift; path = "UIButton-Extension.swift"; sourceTree = "<group>"; };
		B9CB7FEE1F124D8E0028E7D1 /* UIImageView-Extension.swift */ = {isa = PBXFileReference; fileEncoding = 4; lastKnownFileType = sourcecode.swift; path = "UIImageView-Extension.swift"; sourceTree = "<group>"; };
		B9CB7FEF1F124D8E0028E7D1 /* CWConst.swift */ = {isa = PBXFileReference; fileEncoding = 4; lastKnownFileType = sourcecode.swift; path = CWConst.swift; sourceTree = "<group>"; };
		B9CB7FF51F124D8E0028E7D1 /* EmoticonAttachment.swift */ = {isa = PBXFileReference; fileEncoding = 4; lastKnownFileType = sourcecode.swift; path = EmoticonAttachment.swift; sourceTree = "<group>"; };
		B9CB7FF61F124D8E0028E7D1 /* EmoticonCell.swift */ = {isa = PBXFileReference; fileEncoding = 4; lastKnownFileType = sourcecode.swift; path = EmoticonCell.swift; sourceTree = "<group>"; };
		B9CB7FF71F124D8E0028E7D1 /* EmoticonKeyboardController.swift */ = {isa = PBXFileReference; fileEncoding = 4; lastKnownFileType = sourcecode.swift; path = EmoticonKeyboardController.swift; sourceTree = "<group>"; };
		B9CB7FF91F124D8E0028E7D1 /* Emoticon.swift */ = {isa = PBXFileReference; fileEncoding = 4; lastKnownFileType = sourcecode.swift; path = Emoticon.swift; sourceTree = "<group>"; };
		B9CB7FFA1F124D8E0028E7D1 /* EmoticonManager.swift */ = {isa = PBXFileReference; fileEncoding = 4; lastKnownFileType = sourcecode.swift; path = EmoticonManager.swift; sourceTree = "<group>"; };
		B9CB7FFB1F124D8E0028E7D1 /* EmoticonPackage.swift */ = {isa = PBXFileReference; fileEncoding = 4; lastKnownFileType = sourcecode.swift; path = EmoticonPackage.swift; sourceTree = "<group>"; };
		B9CB7FFC1F124D8E0028E7D1 /* UITextView-Extension.swift */ = {isa = PBXFileReference; fileEncoding = 4; lastKnownFileType = sourcecode.swift; path = "UITextView-Extension.swift"; sourceTree = "<group>"; };
		B9CB7FFD1F124D8E0028E7D1 /* Emoticons.bundle */ = {isa = PBXFileReference; lastKnownFileType = "wrapper.plug-in"; path = Emoticons.bundle; sourceTree = "<group>"; };
		B9CB7FFF1F124D8E0028E7D1 /* CWNetworkTool.swift */ = {isa = PBXFileReference; fileEncoding = 4; lastKnownFileType = sourcecode.swift; path = CWNetworkTool.swift; sourceTree = "<group>"; };
		B9CB80001F124D8E0028E7D1 /* WBNavigationTitleButton.swift */ = {isa = PBXFileReference; fileEncoding = 4; lastKnownFileType = sourcecode.swift; path = WBNavigationTitleButton.swift; sourceTree = "<group>"; };
		B9CB80101F124DC30028E7D1 /* CWStringReplacer.swift */ = {isa = PBXFileReference; fileEncoding = 4; lastKnownFileType = sourcecode.swift; path = CWStringReplacer.swift; sourceTree = "<group>"; };
		B9DADF4A1F1278E0002D509F /* WBProgressView.swift */ = {isa = PBXFileReference; fileEncoding = 4; lastKnownFileType = sourcecode.swift; path = WBProgressView.swift; sourceTree = "<group>"; };
		B9DFAA311F1346E400D7DDC6 /* WBPhotoBrowserAnimator.swift */ = {isa = PBXFileReference; fileEncoding = 4; lastKnownFileType = sourcecode.swift; path = WBPhotoBrowserAnimator.swift; sourceTree = "<group>"; };
		B9F945A41F0E03A0001370FE /* WBAuthorizeViewController.swift */ = {isa = PBXFileReference; fileEncoding = 4; lastKnownFileType = sourcecode.swift; path = WBAuthorizeViewController.swift; sourceTree = "<group>"; };
		B9F945A51F0E03A0001370FE /* WBAuthorizeViewController.xib */ = {isa = PBXFileReference; fileEncoding = 4; lastKnownFileType = file.xib; path = WBAuthorizeViewController.xib; sourceTree = "<group>"; };
		B9F945AA1F0E15DC001370FE /* WBUserAccount.swift */ = {isa = PBXFileReference; fileEncoding = 4; lastKnownFileType = sourcecode.swift; path = WBUserAccount.swift; sourceTree = "<group>"; };
		B9F945AC1F0E4462001370FE /* WBUserAccountViewModel.swift */ = {isa = PBXFileReference; fileEncoding = 4; lastKnownFileType = sourcecode.swift; path = WBUserAccountViewModel.swift; sourceTree = "<group>"; };
		B9F945AF1F0E4ADB001370FE /* WBWelcomeViewController.swift */ = {isa = PBXFileReference; fileEncoding = 4; lastKnownFileType = sourcecode.swift; path = WBWelcomeViewController.swift; sourceTree = "<group>"; };
		B9F945B01F0E4ADB001370FE /* WBWelcomeViewController.xib */ = {isa = PBXFileReference; fileEncoding = 4; lastKnownFileType = file.xib; path = WBWelcomeViewController.xib; sourceTree = "<group>"; };
		B9F945B41F0E78CF001370FE /* WBStatusItem.swift */ = {isa = PBXFileReference; fileEncoding = 4; lastKnownFileType = sourcecode.swift; path = WBStatusItem.swift; sourceTree = "<group>"; };
		B9F945B71F0E7D86001370FE /* WBStatusTableViewCell.swift */ = {isa = PBXFileReference; fileEncoding = 4; lastKnownFileType = sourcecode.swift; path = WBStatusTableViewCell.swift; sourceTree = "<group>"; };
		B9F945B81F0E7D86001370FE /* WBStatusTableViewCell.xib */ = {isa = PBXFileReference; fileEncoding = 4; lastKnownFileType = file.xib; path = WBStatusTableViewCell.xib; sourceTree = "<group>"; };
		B9F945BF1F0F45AC001370FE /* WBUserItem.swift */ = {isa = PBXFileReference; fileEncoding = 4; lastKnownFileType = sourcecode.swift; path = WBUserItem.swift; sourceTree = "<group>"; };
		B9F945C11F0F50E3001370FE /* WBStatusViewModel.swift */ = {isa = PBXFileReference; fileEncoding = 4; lastKnownFileType = sourcecode.swift; path = WBStatusViewModel.swift; sourceTree = "<group>"; };
		B9F945C51F0F889B001370FE /* WBStatusPictureCollectionView.swift */ = {isa = PBXFileReference; fileEncoding = 4; lastKnownFileType = sourcecode.swift; path = WBStatusPictureCollectionView.swift; sourceTree = "<group>"; };
		B9F945C71F0FC813001370FE /* WBPictureCollectionViewCell.swift */ = {isa = PBXFileReference; fileEncoding = 4; lastKnownFileType = sourcecode.swift; path = WBPictureCollectionViewCell.swift; sourceTree = "<group>"; };
		B9F945C81F0FC813001370FE /* WBPictureCollectionViewCell.xib */ = {isa = PBXFileReference; fileEncoding = 4; lastKnownFileType = file.xib; path = WBPictureCollectionViewCell.xib; sourceTree = "<group>"; };
		CDED448FB0CD65A12E8B7432 /* Pods-CWWeibo.release.xcconfig */ = {isa = PBXFileReference; includeInIndex = 1; lastKnownFileType = text.xcconfig; name = "Pods-CWWeibo.release.xcconfig"; path = "Pods/Target Support Files/Pods-CWWeibo/Pods-CWWeibo.release.xcconfig"; sourceTree = "<group>"; };
/* End PBXFileReference section */

/* Begin PBXFrameworksBuildPhase section */
		B9C5C3381F0BDD1500878125 /* Frameworks */ = {
			isa = PBXFrameworksBuildPhase;
			buildActionMask = 2147483647;
			files = (
				1339095D126DA6996212BA91 /* Pods_CWWeibo.framework in Frameworks */,
			);
			runOnlyForDeploymentPostprocessing = 0;
		};
/* End PBXFrameworksBuildPhase section */

/* Begin PBXGroup section */
		1BE834CB1E6678D3D085B497 /* Pods */ = {
			isa = PBXGroup;
			children = (
				0CE5DB0672B1F3D7C50B15F5 /* Pods-CWWeibo.debug.xcconfig */,
				CDED448FB0CD65A12E8B7432 /* Pods-CWWeibo.release.xcconfig */,
			);
			name = Pods;
			sourceTree = "<group>";
		};
		5D24AD00F4813033AC1F4753 /* Frameworks */ = {
			isa = PBXGroup;
			children = (
				ACD7DE1266880AFA2568E511 /* Pods_CWWeibo.framework */,
			);
			name = Frameworks;
			sourceTree = "<group>";
		};
		B94135861F1100A8002BCCC9 /* PicturePicker */ = {
			isa = PBXGroup;
			children = (
				B94135871F1100C4002BCCC9 /* WBPicturePickerCollectionView.swift */,
				B94135891F110437002BCCC9 /* WBPicturePickerViewCell.swift */,
				B941358A1F110437002BCCC9 /* WBPicturePickerViewCell.xib */,
			);
			path = PicturePicker;
			sourceTree = "<group>";
		};
		B98067541F12643400D1D2BB /* PhotoBrowser */ = {
			isa = PBXGroup;
			children = (
				B98067551F12644A00D1D2BB /* WBPhotoBrowserViewController.swift */,
				B98067571F126AF100D1D2BB /* WBPhotoBrowserCollectionViewCell.swift */,
				B9DADF4A1F1278E0002D509F /* WBProgressView.swift */,
				B9DFAA311F1346E400D7DDC6 /* WBPhotoBrowserAnimator.swift */,
			);
			path = PhotoBrowser;
			sourceTree = "<group>";
		};
		B9A5E42C1F0CCB3A00DB9401 /* Visitor */ = {
			isa = PBXGroup;
			children = (
				B9A5E42D1F0CCB4900DB9401 /* WBBaseTableViewController.swift */,
				B9A5E42F1F0CCC9100DB9401 /* WBVisitorView.swift */,
				B9A5E4311F0CCC9D00DB9401 /* WBVisitorView.xib */,
			);
			path = Visitor;
			sourceTree = "<group>";
		};
		B9A5E4371F0CF26100DB9401 /* UIPopover */ = {
			isa = PBXGroup;
			children = (
				B9A5E43A1F0CF2B200DB9401 /* WBPopoverViewController.swift */,
				B9A5E43B1F0CF2B200DB9401 /* WBPopoverViewController.xib */,
				B9A5E43E1F0D135F00DB9401 /* WBPresentationController.swift */,
				B9A5E4401F0D236300DB9401 /* WBPopoverAnimator.swift */,
			);
			path = UIPopover;
			sourceTree = "<group>";
		};
		B9C5C3321F0BDD1500878125 = {
			isa = PBXGroup;
			children = (
				B9C5C33D1F0BDD1500878125 /* CWWeibo */,
				B9C5C33C1F0BDD1500878125 /* Products */,
				1BE834CB1E6678D3D085B497 /* Pods */,
				5D24AD00F4813033AC1F4753 /* Frameworks */,
			);
			sourceTree = "<group>";
		};
		B9C5C33C1F0BDD1500878125 /* Products */ = {
			isa = PBXGroup;
			children = (
				B9C5C33B1F0BDD1500878125 /* CWWeibo.app */,
			);
			name = Products;
			sourceTree = "<group>";
		};
		B9C5C33D1F0BDD1500878125 /* CWWeibo */ = {
			isa = PBXGroup;
			children = (
				B9C5C3641F0CAD7D00878125 /* Classes */,
				B9C5C33E1F0BDD1500878125 /* AppDelegate.swift */,
				B9C5C3451F0BDD1500878125 /* Assets.xcassets */,
				B9C5C3471F0BDD1500878125 /* LaunchScreen.storyboard */,
				B9C5C34A1F0BDD1500878125 /* Info.plist */,
				B9C5C3551F0C9B7C00878125 /* MainVCSettings.json */,
			);
			path = CWWeibo;
			sourceTree = "<group>";
		};
		B9C5C3641F0CAD7D00878125 /* Classes */ = {
			isa = PBXGroup;
			children = (
				B9C5C3671F0CAD7D00878125 /* Main */,
				B9C5C3661F0CAD7D00878125 /* Home */,
				B9C5C3691F0CAD7D00878125 /* Message */,
				B9C5C3651F0CAD7D00878125 /* Discover */,
				B9C5C36A1F0CAD7D00878125 /* Profile */,
				B9C5C36D1F0CAF5C00878125 /* Publish */,
				B9CB7FE91F124D8E0028E7D1 /* Other */,
			);
			path = Classes;
			sourceTree = "<group>";
		};
		B9C5C3651F0CAD7D00878125 /* Discover */ = {
			isa = PBXGroup;
			children = (
				B9C5C3821F0CB31100878125 /* Discover.storyboard */,
				B9C5C3781F0CB24300878125 /* WBDiscoverTableViewController.swift */,
			);
			path = Discover;
			sourceTree = "<group>";
		};
		B9C5C3661F0CAD7D00878125 /* Home */ = {
			isa = PBXGroup;
			children = (
				B98067541F12643400D1D2BB /* PhotoBrowser */,
				B9F945B31F0E78BF001370FE /* Model */,
				B9F945B61F0E7D5D001370FE /* View */,
				B9A5E4371F0CF26100DB9401 /* UIPopover */,
				B9C5C37E1F0CB2FA00878125 /* Home.storyboard */,
				B9C5C3741F0CB22800878125 /* WBHomeTableViewController.swift */,
			);
			path = Home;
			sourceTree = "<group>";
		};
		B9C5C3671F0CAD7D00878125 /* Main */ = {
			isa = PBXGroup;
			children = (
				B9F945AE1F0E4ABD001370FE /* Welcome */,
				B9F945A31F0E0370001370FE /* Auth */,
				B9A5E42C1F0CCB3A00DB9401 /* Visitor */,
				B9C5C37C1F0CB2EE00878125 /* Main.storyboard */,
				B9C5C3681F0CAD7D00878125 /* WBMainViewController.swift */,
			);
			path = Main;
			sourceTree = "<group>";
		};
		B9C5C3691F0CAD7D00878125 /* Message */ = {
			isa = PBXGroup;
			children = (
				B9C5C3801F0CB30200878125 /* Message.storyboard */,
				B9C5C3761F0CB23B00878125 /* WBMessageTableViewController.swift */,
			);
			path = Message;
			sourceTree = "<group>";
		};
		B9C5C36A1F0CAD7D00878125 /* Profile */ = {
			isa = PBXGroup;
			children = (
				B9C5C3841F0CB31800878125 /* Profile.storyboard */,
				B9C5C37A1F0CB24C00878125 /* WBProfileTableViewController.swift */,
			);
			path = Profile;
			sourceTree = "<group>";
		};
		B9C5C36D1F0CAF5C00878125 /* Publish */ = {
			isa = PBXGroup;
			children = (
				B94135861F1100A8002BCCC9 /* PicturePicker */,
				B9C5C3701F0CB01200878125 /* Publish.storyboard */,
				B941357E1F10C7B6002BCCC9 /* WBPublishViewController.swift */,
				B941357F1F10C7B6002BCCC9 /* WBPublishViewController.xib */,
				B94135821F10C962002BCCC9 /* WBPublishTitleView.swift */,
				B94135841F10CEE0002BCCC9 /* WBPublishTextView.swift */,
			);
			path = Publish;
			sourceTree = "<group>";
		};
		B9CB7FE91F124D8E0028E7D1 /* Other */ = {
			isa = PBXGroup;
			children = (
				B9CB7FEA1F124D8E0028E7D1 /* Category */,
				B9CB7FEF1F124D8E0028E7D1 /* CWConst.swift */,
				B9CB7FF01F124D8E0028E7D1 /* Library */,
				B9CB7FFE1F124D8E0028E7D1 /* Tool */,
				B9CB80001F124D8E0028E7D1 /* WBNavigationTitleButton.swift */,
			);
			name = Other;
			path = Tools;
			sourceTree = "<group>";
		};
		B9CB7FEA1F124D8E0028E7D1 /* Category */ = {
			isa = PBXGroup;
			children = (
				B9CB7FEB1F124D8E0028E7D1 /* Date-Extension.swift */,
				B9CB7FEC1F124D8E0028E7D1 /* UIBarButtonItem-Extension.swift */,
				B9CB7FED1F124D8E0028E7D1 /* UIButton-Extension.swift */,
				B9CB7FEE1F124D8E0028E7D1 /* UIImageView-Extension.swift */,
			);
			path = Category;
			sourceTree = "<group>";
		};
		B9CB7FF01F124D8E0028E7D1 /* Library */ = {
			isa = PBXGroup;
			children = (
				B98067521F125E6C00D1D2BB /* HYLabel.swift */,
				B9CB7FF31F124D8E0028E7D1 /* Emoticon */,
			);
			path = Library;
			sourceTree = "<group>";
		};
		B9CB7FF31F124D8E0028E7D1 /* Emoticon */ = {
			isa = PBXGroup;
			children = (
				B9CB7FF41F124D8E0028E7D1 /* Classes */,
				B9CB7FFD1F124D8E0028E7D1 /* Emoticons.bundle */,
			);
			path = Emoticon;
			sourceTree = "<group>";
		};
		B9CB7FF41F124D8E0028E7D1 /* Classes */ = {
			isa = PBXGroup;
			children = (
				B9CB7FF51F124D8E0028E7D1 /* EmoticonAttachment.swift */,
				B9CB7FF61F124D8E0028E7D1 /* EmoticonCell.swift */,
				B9CB7FF71F124D8E0028E7D1 /* EmoticonKeyboardController.swift */,
				B9CB7FF81F124D8E0028E7D1 /* Model */,
				B9CB7FFC1F124D8E0028E7D1 /* UITextView-Extension.swift */,
			);
			path = Classes;
			sourceTree = "<group>";
		};
		B9CB7FF81F124D8E0028E7D1 /* Model */ = {
			isa = PBXGroup;
			children = (
				B9CB7FF91F124D8E0028E7D1 /* Emoticon.swift */,
				B9CB7FFA1F124D8E0028E7D1 /* EmoticonManager.swift */,
				B9CB7FFB1F124D8E0028E7D1 /* EmoticonPackage.swift */,
			);
			path = Model;
			sourceTree = "<group>";
		};
		B9CB7FFE1F124D8E0028E7D1 /* Tool */ = {
			isa = PBXGroup;
			children = (
				B9CB7FFF1F124D8E0028E7D1 /* CWNetworkTool.swift */,
				B9CB80101F124DC30028E7D1 /* CWStringReplacer.swift */,
			);
			path = Tool;
			sourceTree = "<group>";
		};
		B9F945A31F0E0370001370FE /* Auth */ = {
			isa = PBXGroup;
			children = (
				B9F945A41F0E03A0001370FE /* WBAuthorizeViewController.swift */,
				B9F945A51F0E03A0001370FE /* WBAuthorizeViewController.xib */,
				B9F945AA1F0E15DC001370FE /* WBUserAccount.swift */,
				B9F945AC1F0E4462001370FE /* WBUserAccountViewModel.swift */,
			);
			path = Auth;
			sourceTree = "<group>";
		};
		B9F945AE1F0E4ABD001370FE /* Welcome */ = {
			isa = PBXGroup;
			children = (
				B9F945AF1F0E4ADB001370FE /* WBWelcomeViewController.swift */,
				B9F945B01F0E4ADB001370FE /* WBWelcomeViewController.xib */,
			);
			path = Welcome;
			sourceTree = "<group>";
		};
		B9F945B31F0E78BF001370FE /* Model */ = {
			isa = PBXGroup;
			children = (
				B9F945B41F0E78CF001370FE /* WBStatusItem.swift */,
				B9F945C11F0F50E3001370FE /* WBStatusViewModel.swift */,
				B9F945BF1F0F45AC001370FE /* WBUserItem.swift */,
			);
			path = Model;
			sourceTree = "<group>";
		};
		B9F945B61F0E7D5D001370FE /* View */ = {
			isa = PBXGroup;
			children = (
				B9F945B71F0E7D86001370FE /* WBStatusTableViewCell.swift */,
				B9F945B81F0E7D86001370FE /* WBStatusTableViewCell.xib */,
				B9F945C51F0F889B001370FE /* WBStatusPictureCollectionView.swift */,
				B9F945C71F0FC813001370FE /* WBPictureCollectionViewCell.swift */,
				B9F945C81F0FC813001370FE /* WBPictureCollectionViewCell.xib */,
			);
			path = View;
			sourceTree = "<group>";
		};
/* End PBXGroup section */

/* Begin PBXNativeTarget section */
		B9C5C33A1F0BDD1500878125 /* CWWeibo */ = {
			isa = PBXNativeTarget;
			buildConfigurationList = B9C5C34D1F0BDD1500878125 /* Build configuration list for PBXNativeTarget "CWWeibo" */;
			buildPhases = (
				D92716C323D2AFC6836E3E51 /* [CP] Check Pods Manifest.lock */,
				B9C5C3371F0BDD1500878125 /* Sources */,
				B9C5C3381F0BDD1500878125 /* Frameworks */,
				B9C5C3391F0BDD1500878125 /* Resources */,
				4EC9436CFF148FD25656BD67 /* [CP] Embed Pods Frameworks */,
				F07326E647ABA3106E430AA0 /* [CP] Copy Pods Resources */,
			);
			buildRules = (
			);
			dependencies = (
			);
			name = CWWeibo;
			productName = CWWeibo;
			productReference = B9C5C33B1F0BDD1500878125 /* CWWeibo.app */;
			productType = "com.apple.product-type.application";
		};
/* End PBXNativeTarget section */

/* Begin PBXProject section */
		B9C5C3331F0BDD1500878125 /* Project object */ = {
			isa = PBXProject;
			attributes = {
				CLASSPREFIX = WB;
				LastSwiftUpdateCheck = 0830;
				LastUpgradeCheck = 0830;
				ORGANIZATIONNAME = Coulson_Wang;
				TargetAttributes = {
					B9C5C33A1F0BDD1500878125 = {
						CreatedOnToolsVersion = 8.3.3;
						DevelopmentTeam = 76G5YKQF73;
						ProvisioningStyle = Automatic;
					};
				};
			};
			buildConfigurationList = B9C5C3361F0BDD1500878125 /* Build configuration list for PBXProject "CWWeibo" */;
			compatibilityVersion = "Xcode 3.2";
			developmentRegion = English;
			hasScannedForEncodings = 0;
			knownRegions = (
				en,
				Base,
			);
			mainGroup = B9C5C3321F0BDD1500878125;
			productRefGroup = B9C5C33C1F0BDD1500878125 /* Products */;
			projectDirPath = "";
			projectRoot = "";
			targets = (
				B9C5C33A1F0BDD1500878125 /* CWWeibo */,
			);
		};
/* End PBXProject section */

/* Begin PBXResourcesBuildPhase section */
		B9C5C3391F0BDD1500878125 /* Resources */ = {
			isa = PBXResourcesBuildPhase;
			buildActionMask = 2147483647;
			files = (
				B9F945BA1F0E7D86001370FE /* WBStatusTableViewCell.xib in Resources */,
				B9CB800D1F124D8E0028E7D1 /* Emoticons.bundle in Resources */,
				B9F945CA1F0FC813001370FE /* WBPictureCollectionViewCell.xib in Resources */,
				B941358C1F110437002BCCC9 /* WBPicturePickerViewCell.xib in Resources */,
				B9C5C3491F0BDD1500878125 /* LaunchScreen.storyboard in Resources */,
				B9C5C3811F0CB30200878125 /* Message.storyboard in Resources */,
				B9C5C3461F0BDD1500878125 /* Assets.xcassets in Resources */,
				B9C5C37F1F0CB2FA00878125 /* Home.storyboard in Resources */,
				B9A5E43D1F0CF2B200DB9401 /* WBPopoverViewController.xib in Resources */,
				B9F945A71F0E03A0001370FE /* WBAuthorizeViewController.xib in Resources */,
				B9A5E4321F0CCC9D00DB9401 /* WBVisitorView.xib in Resources */,
				B9C5C3561F0C9B7C00878125 /* MainVCSettings.json in Resources */,
				B9F945B21F0E4ADB001370FE /* WBWelcomeViewController.xib in Resources */,
				B94135811F10C7B6002BCCC9 /* WBPublishViewController.xib in Resources */,
				B9C5C3721F0CB01200878125 /* Publish.storyboard in Resources */,
				B9C5C3851F0CB31800878125 /* Profile.storyboard in Resources */,
				B9C5C37D1F0CB2EE00878125 /* Main.storyboard in Resources */,
				B9C5C3831F0CB31100878125 /* Discover.storyboard in Resources */,
			);
			runOnlyForDeploymentPostprocessing = 0;
		};
/* End PBXResourcesBuildPhase section */

/* Begin PBXShellScriptBuildPhase section */
		4EC9436CFF148FD25656BD67 /* [CP] Embed Pods Frameworks */ = {
			isa = PBXShellScriptBuildPhase;
			buildActionMask = 2147483647;
			files = (
			);
			inputPaths = (
			);
			name = "[CP] Embed Pods Frameworks";
			outputPaths = (
			);
			runOnlyForDeploymentPostprocessing = 0;
			shellPath = /bin/sh;
			shellScript = "\"${SRCROOT}/Pods/Target Support Files/Pods-CWWeibo/Pods-CWWeibo-frameworks.sh\"\n";
			showEnvVarsInLog = 0;
		};
		D92716C323D2AFC6836E3E51 /* [CP] Check Pods Manifest.lock */ = {
			isa = PBXShellScriptBuildPhase;
			buildActionMask = 2147483647;
			files = (
			);
			inputPaths = (
			);
			name = "[CP] Check Pods Manifest.lock";
			outputPaths = (
			);
			runOnlyForDeploymentPostprocessing = 0;
			shellPath = /bin/sh;
			shellScript = "diff \"${PODS_PODFILE_DIR_PATH}/Podfile.lock\" \"${PODS_ROOT}/Manifest.lock\" > /dev/null\nif [ $? != 0 ] ; then\n    # print error to STDERR\n    echo \"error: The sandbox is not in sync with the Podfile.lock. Run 'pod install' or update your CocoaPods installation.\" >&2\n    exit 1\nfi\n";
			showEnvVarsInLog = 0;
		};
		F07326E647ABA3106E430AA0 /* [CP] Copy Pods Resources */ = {
			isa = PBXShellScriptBuildPhase;
			buildActionMask = 2147483647;
			files = (
			);
			inputPaths = (
			);
			name = "[CP] Copy Pods Resources";
			outputPaths = (
			);
			runOnlyForDeploymentPostprocessing = 0;
			shellPath = /bin/sh;
			shellScript = "\"${SRCROOT}/Pods/Target Support Files/Pods-CWWeibo/Pods-CWWeibo-resources.sh\"\n";
			showEnvVarsInLog = 0;
		};
/* End PBXShellScriptBuildPhase section */

/* Begin PBXSourcesBuildPhase section */
		B9C5C3371F0BDD1500878125 /* Sources */ = {
			isa = PBXSourcesBuildPhase;
			buildActionMask = 2147483647;
			files = (
				B9C5C37B1F0CB24C00878125 /* WBProfileTableViewController.swift in Sources */,
				B9F945C01F0F45AC001370FE /* WBUserItem.swift in Sources */,
				B9F945AB1F0E15DC001370FE /* WBUserAccount.swift in Sources */,
				B9C5C3751F0CB22800878125 /* WBHomeTableViewController.swift in Sources */,
				B9C5C33F1F0BDD1500878125 /* AppDelegate.swift in Sources */,
				B9CB800B1F124D8E0028E7D1 /* EmoticonPackage.swift in Sources */,
				B9A5E4411F0D236300DB9401 /* WBPopoverAnimator.swift in Sources */,
				B9DFAA321F1346E400D7DDC6 /* WBPhotoBrowserAnimator.swift in Sources */,
				B98067581F126AF100D1D2BB /* WBPhotoBrowserCollectionViewCell.swift in Sources */,
				B9CB80091F124D8E0028E7D1 /* Emoticon.swift in Sources */,
				B9CB80071F124D8E0028E7D1 /* EmoticonCell.swift in Sources */,
				B9CB80021F124D8E0028E7D1 /* UIBarButtonItem-Extension.swift in Sources */,
				B98067561F12644A00D1D2BB /* WBPhotoBrowserViewController.swift in Sources */,
				B9CB800A1F124D8E0028E7D1 /* EmoticonManager.swift in Sources */,
				B9CB800C1F124D8E0028E7D1 /* UITextView-Extension.swift in Sources */,
				B9CB80081F124D8E0028E7D1 /* EmoticonKeyboardController.swift in Sources */,
				B98067531F125E6C00D1D2BB /* HYLabel.swift in Sources */,
				B9C5C3771F0CB23B00878125 /* WBMessageTableViewController.swift in Sources */,
				B9F945B11F0E4ADB001370FE /* WBWelcomeViewController.swift in Sources */,
				B9CB800F1F124D8E0028E7D1 /* WBNavigationTitleButton.swift in Sources */,
				B9A5E43F1F0D135F00DB9401 /* WBPresentationController.swift in Sources */,
				B9A5E4301F0CCC9100DB9401 /* WBVisitorView.swift in Sources */,
				B94135851F10CEE0002BCCC9 /* WBPublishTextView.swift in Sources */,
				B941358B1F110437002BCCC9 /* WBPicturePickerViewCell.swift in Sources */,
				B94135801F10C7B6002BCCC9 /* WBPublishViewController.swift in Sources */,
				B94135831F10C962002BCCC9 /* WBPublishTitleView.swift in Sources */,
				B9F945B91F0E7D86001370FE /* WBStatusTableViewCell.swift in Sources */,
				B9CB800E1F124D8E0028E7D1 /* CWNetworkTool.swift in Sources */,
				B9CB80031F124D8E0028E7D1 /* UIButton-Extension.swift in Sources */,
				B9A5E42E1F0CCB4900DB9401 /* WBBaseTableViewController.swift in Sources */,
				B9CB80041F124D8E0028E7D1 /* UIImageView-Extension.swift in Sources */,
				B9DADF4B1F1278E0002D509F /* WBProgressView.swift in Sources */,
				B9C5C3791F0CB24300878125 /* WBDiscoverTableViewController.swift in Sources */,
				B9CB80111F124DC30028E7D1 /* CWStringReplacer.swift in Sources */,
				B9F945C61F0F889B001370FE /* WBStatusPictureCollectionView.swift in Sources */,
				B94135881F1100C4002BCCC9 /* WBPicturePickerCollectionView.swift in Sources */,
				B9F945A61F0E03A0001370FE /* WBAuthorizeViewController.swift in Sources */,
				B9F945B51F0E78CF001370FE /* WBStatusItem.swift in Sources */,
				B9F945AD1F0E4462001370FE /* WBUserAccountViewModel.swift in Sources */,
				B9F945C91F0FC813001370FE /* WBPictureCollectionViewCell.swift in Sources */,
				B9CB80061F124D8E0028E7D1 /* EmoticonAttachment.swift in Sources */,
				B9C5C36B1F0CAD7D00878125 /* WBMainViewController.swift in Sources */,
				B9CB80051F124D8E0028E7D1 /* CWConst.swift in Sources */,
				B9A5E43C1F0CF2B200DB9401 /* WBPopoverViewController.swift in Sources */,
				B9F945C21F0F50E3001370FE /* WBStatusViewModel.swift in Sources */,
				B9CB80011F124D8E0028E7D1 /* Date-Extension.swift in Sources */,
			);
			runOnlyForDeploymentPostprocessing = 0;
		};
/* End PBXSourcesBuildPhase section */

/* Begin PBXVariantGroup section */
		B9C5C3471F0BDD1500878125 /* LaunchScreen.storyboard */ = {
			isa = PBXVariantGroup;
			children = (
				B9C5C3481F0BDD1500878125 /* Base */,
			);
			name = LaunchScreen.storyboard;
			sourceTree = "<group>";
		};
/* End PBXVariantGroup section */

/* Begin XCBuildConfiguration section */
		B9C5C34B1F0BDD1500878125 /* Debug */ = {
			isa = XCBuildConfiguration;
			buildSettings = {
				ALWAYS_SEARCH_USER_PATHS = NO;
				CLANG_ANALYZER_NONNULL = YES;
				CLANG_ANALYZER_NUMBER_OBJECT_CONVERSION = YES_AGGRESSIVE;
				CLANG_CXX_LANGUAGE_STANDARD = "gnu++0x";
				CLANG_CXX_LIBRARY = "libc++";
				CLANG_ENABLE_MODULES = YES;
				CLANG_ENABLE_OBJC_ARC = YES;
				CLANG_WARN_BOOL_CONVERSION = YES;
				CLANG_WARN_CONSTANT_CONVERSION = YES;
				CLANG_WARN_DIRECT_OBJC_ISA_USAGE = YES_ERROR;
				CLANG_WARN_DOCUMENTATION_COMMENTS = YES;
				CLANG_WARN_EMPTY_BODY = YES;
				CLANG_WARN_ENUM_CONVERSION = YES;
				CLANG_WARN_INFINITE_RECURSION = YES;
				CLANG_WARN_INT_CONVERSION = YES;
				CLANG_WARN_OBJC_ROOT_CLASS = YES_ERROR;
				CLANG_WARN_SUSPICIOUS_MOVE = YES;
				CLANG_WARN_UNREACHABLE_CODE = YES;
				CLANG_WARN__DUPLICATE_METHOD_MATCH = YES;
				"CODE_SIGN_IDENTITY[sdk=iphoneos*]" = "iPhone Developer";
				COPY_PHASE_STRIP = NO;
				DEBUG_INFORMATION_FORMAT = dwarf;
				ENABLE_STRICT_OBJC_MSGSEND = YES;
				ENABLE_TESTABILITY = YES;
				GCC_C_LANGUAGE_STANDARD = gnu99;
				GCC_DYNAMIC_NO_PIC = NO;
				GCC_NO_COMMON_BLOCKS = YES;
				GCC_OPTIMIZATION_LEVEL = 0;
				GCC_PREPROCESSOR_DEFINITIONS = (
					"DEBUG=1",
					"$(inherited)",
				);
				GCC_WARN_64_TO_32_BIT_CONVERSION = YES;
				GCC_WARN_ABOUT_RETURN_TYPE = YES_ERROR;
				GCC_WARN_UNDECLARED_SELECTOR = YES;
				GCC_WARN_UNINITIALIZED_AUTOS = YES_AGGRESSIVE;
				GCC_WARN_UNUSED_FUNCTION = YES;
				GCC_WARN_UNUSED_VARIABLE = YES;
				IPHONEOS_DEPLOYMENT_TARGET = 10.3;
				MTL_ENABLE_DEBUG_INFO = YES;
				ONLY_ACTIVE_ARCH = YES;
				SDKROOT = iphoneos;
				SWIFT_ACTIVE_COMPILATION_CONDITIONS = DEBUG;
				SWIFT_OPTIMIZATION_LEVEL = "-Onone";
			};
			name = Debug;
		};
		B9C5C34C1F0BDD1500878125 /* Release */ = {
			isa = XCBuildConfiguration;
			buildSettings = {
				ALWAYS_SEARCH_USER_PATHS = NO;
				CLANG_ANALYZER_NONNULL = YES;
				CLANG_ANALYZER_NUMBER_OBJECT_CONVERSION = YES_AGGRESSIVE;
				CLANG_CXX_LANGUAGE_STANDARD = "gnu++0x";
				CLANG_CXX_LIBRARY = "libc++";
				CLANG_ENABLE_MODULES = YES;
				CLANG_ENABLE_OBJC_ARC = YES;
				CLANG_WARN_BOOL_CONVERSION = YES;
				CLANG_WARN_CONSTANT_CONVERSION = YES;
				CLANG_WARN_DIRECT_OBJC_ISA_USAGE = YES_ERROR;
				CLANG_WARN_DOCUMENTATION_COMMENTS = YES;
				CLANG_WARN_EMPTY_BODY = YES;
				CLANG_WARN_ENUM_CONVERSION = YES;
				CLANG_WARN_INFINITE_RECURSION = YES;
				CLANG_WARN_INT_CONVERSION = YES;
				CLANG_WARN_OBJC_ROOT_CLASS = YES_ERROR;
				CLANG_WARN_SUSPICIOUS_MOVE = YES;
				CLANG_WARN_UNREACHABLE_CODE = YES;
				CLANG_WARN__DUPLICATE_METHOD_MATCH = YES;
				"CODE_SIGN_IDENTITY[sdk=iphoneos*]" = "iPhone Developer";
				COPY_PHASE_STRIP = NO;
				DEBUG_INFORMATION_FORMAT = "dwarf-with-dsym";
				ENABLE_NS_ASSERTIONS = NO;
				ENABLE_STRICT_OBJC_MSGSEND = YES;
				GCC_C_LANGUAGE_STANDARD = gnu99;
				GCC_NO_COMMON_BLOCKS = YES;
				GCC_WARN_64_TO_32_BIT_CONVERSION = YES;
				GCC_WARN_ABOUT_RETURN_TYPE = YES_ERROR;
				GCC_WARN_UNDECLARED_SELECTOR = YES;
				GCC_WARN_UNINITIALIZED_AUTOS = YES_AGGRESSIVE;
				GCC_WARN_UNUSED_FUNCTION = YES;
				GCC_WARN_UNUSED_VARIABLE = YES;
				IPHONEOS_DEPLOYMENT_TARGET = 10.3;
				MTL_ENABLE_DEBUG_INFO = NO;
				SDKROOT = iphoneos;
				SWIFT_OPTIMIZATION_LEVEL = "-Owholemodule";
				VALIDATE_PRODUCT = YES;
			};
			name = Release;
		};
		B9C5C34E1F0BDD1500878125 /* Debug */ = {
			isa = XCBuildConfiguration;
			baseConfigurationReference = 0CE5DB0672B1F3D7C50B15F5 /* Pods-CWWeibo.debug.xcconfig */;
			buildSettings = {
				ASSETCATALOG_COMPILER_APPICON_NAME = AppIcon;
				ASSETCATALOG_COMPILER_LAUNCHIMAGE_NAME = LaunchImage;
				"CODE_SIGN_IDENTITY[sdk=iphoneos*]" = "iPhone Developer";
				DEVELOPMENT_TEAM = 76G5YKQF73;
				INFOPLIST_FILE = CWWeibo/Info.plist;
				IPHONEOS_DEPLOYMENT_TARGET = 9.0;
				LD_RUNPATH_SEARCH_PATHS = "$(inherited) @executable_path/Frameworks";
				"OTHER_SWIFT_FLAGS[arch=*]" = "-D DEBUG";
				PRODUCT_BUNDLE_IDENTIFIER = Personal.YYWang.CWWeibo;
				PRODUCT_NAME = "$(TARGET_NAME)";
				PROVISIONING_PROFILE_SPECIFIER = "";
				SWIFT_VERSION = 3.0;
			};
			name = Debug;
		};
		B9C5C34F1F0BDD1500878125 /* Release */ = {
			isa = XCBuildConfiguration;
			baseConfigurationReference = CDED448FB0CD65A12E8B7432 /* Pods-CWWeibo.release.xcconfig */;
			buildSettings = {
				ASSETCATALOG_COMPILER_APPICON_NAME = AppIcon;
				ASSETCATALOG_COMPILER_LAUNCHIMAGE_NAME = LaunchImage;
				"CODE_SIGN_IDENTITY[sdk=iphoneos*]" = "iPhone Developer";
				DEVELOPMENT_TEAM = 76G5YKQF73;
				INFOPLIST_FILE = CWWeibo/Info.plist;
				IPHONEOS_DEPLOYMENT_TARGET = 9.0;
				LD_RUNPATH_SEARCH_PATHS = "$(inherited) @executable_path/Frameworks";
				PRODUCT_BUNDLE_IDENTIFIER = Personal.YYWang.CWWeibo;
				PRODUCT_NAME = "$(TARGET_NAME)";
				PROVISIONING_PROFILE_SPECIFIER = "";
				SWIFT_VERSION = 3.0;
			};
			name = Release;
		};
/* End XCBuildConfiguration section */

/* Begin XCConfigurationList section */
		B9C5C3361F0BDD1500878125 /* Build configuration list for PBXProject "CWWeibo" */ = {
			isa = XCConfigurationList;
			buildConfigurations = (
				B9C5C34B1F0BDD1500878125 /* Debug */,
				B9C5C34C1F0BDD1500878125 /* Release */,
			);
			defaultConfigurationIsVisible = 0;
			defaultConfigurationName = Release;
		};
		B9C5C34D1F0BDD1500878125 /* Build configuration list for PBXNativeTarget "CWWeibo" */ = {
			isa = XCConfigurationList;
			buildConfigurations = (
				B9C5C34E1F0BDD1500878125 /* Debug */,
				B9C5C34F1F0BDD1500878125 /* Release */,
			);
			defaultConfigurationIsVisible = 0;
			defaultConfigurationName = Release;
		};
/* End XCConfigurationList section */
	};
	rootObject = B9C5C3331F0BDD1500878125 /* Project object */;
}
